<?xml version="1.0" encoding="utf-8"?>
<Project ToolsVersion="4.0" xmlns="http://schemas.microsoft.com/developer/msbuild/2003">
  <ItemGroup>
    <Filter Include="98.Default">
      <UniqueIdentifier>{505dbb78-4965-42ce-a1a1-9532b52bcf92}</UniqueIdentifier>
    </Filter>
    <Filter Include="00.MainApp">
      <UniqueIdentifier>{d9fd2301-2adc-4297-8e67-639f847fb590}</UniqueIdentifier>
    </Filter>
    <Filter Include="99.Defines">
      <UniqueIdentifier>{ac9086de-94de-4822-ae8c-26dec28c70c7}</UniqueIdentifier>
    </Filter>
    <Filter Include="01.Levels">
      <UniqueIdentifier>{789d874f-ce49-4332-82c7-3805cb5b9080}</UniqueIdentifier>
    </Filter>
    <Filter Include="02.GameObjects">
      <UniqueIdentifier>{3531814c-4b42-451a-9044-33e6ba5a8eab}</UniqueIdentifier>
    </Filter>
    <Filter Include="01.Levels\00.Loading">
      <UniqueIdentifier>{703e1f72-f965-4a5f-bc75-02795441baec}</UniqueIdentifier>
    </Filter>
    <Filter Include="01.Levels\01.Logo">
      <UniqueIdentifier>{d01c3f2b-2df6-4ab5-a228-50b69330939c}</UniqueIdentifier>
    </Filter>
    <Filter Include="01.Levels\02.GamePlay">
      <UniqueIdentifier>{0d2a1e61-f8a8-4688-bc84-0b1f67902fc9}</UniqueIdentifier>
    </Filter>
    <Filter Include="01.Levels\00.Loading\Loader">
      <UniqueIdentifier>{db88da8f-913a-4f03-b3b7-a148128660ca}</UniqueIdentifier>
    </Filter>
    <Filter Include="97.ShaderFiles">
      <UniqueIdentifier>{84640545-3351-4721-a11c-de1b2a88ed44}</UniqueIdentifier>
    </Filter>
    <Filter Include="02.GameObjects\Terrain">
      <UniqueIdentifier>{7cbdf00b-05f3-4112-a0c9-09e6a54c4fa7}</UniqueIdentifier>
    </Filter>
    <Filter Include="02.GameObjects\Camera">
      <UniqueIdentifier>{753f5023-0e15-42c5-950a-9aefad3b0ead}</UniqueIdentifier>
    </Filter>
    <Filter Include="02.GameObjects\Player">
      <UniqueIdentifier>{abc6b74f-e41e-4559-9c08-356e0bb3ccf6}</UniqueIdentifier>
    </Filter>
    <Filter Include="02.GameObjects\Monster">
      <UniqueIdentifier>{9f9aa060-c1d1-4c0c-9337-85dfe2c8a63d}</UniqueIdentifier>
    </Filter>
    <Filter Include="03.UI">
      <UniqueIdentifier>{17659bbc-2fda-409b-8ec5-5f477e826333}</UniqueIdentifier>
    </Filter>
    <Filter Include="03.UI\Edit">
      <UniqueIdentifier>{cdbb2772-00f5-4f20-ad1f-5381f12fde7c}</UniqueIdentifier>
    </Filter>
    <Filter Include="96.Managers">
      <UniqueIdentifier>{af061b58-fdb0-48d1-84af-cff0967c2e15}</UniqueIdentifier>
    </Filter>
    <Filter Include="96.Managers\DataManager">
      <UniqueIdentifier>{6df124ab-6c06-495b-91e8-3146e9e4779b}</UniqueIdentifier>
    </Filter>
    <Filter Include="96.Managers\ToolManager">
      <UniqueIdentifier>{77af86f4-3362-4805-b14e-8b22e2ada6b5}</UniqueIdentifier>
    </Filter>
    <Filter Include="96.Managers\UIManager">
      <UniqueIdentifier>{7c4f1f5e-3dec-4148-93c3-e277ef769c9b}</UniqueIdentifier>
    </Filter>
    <Filter Include="02.GameObjects\StaticModel">
      <UniqueIdentifier>{b15507a3-a706-491f-8b58-a202933ae4e9}</UniqueIdentifier>
    </Filter>
    <Filter Include="02.GameObjects\Parts">
      <UniqueIdentifier>{ee9b07d1-45ff-43ee-a2d6-f277ea5e71bd}</UniqueIdentifier>
    </Filter>
    <Filter Include="03.UI\Health">
      <UniqueIdentifier>{a14786f4-1821-40ab-b9ae-1c59f54cafc7}</UniqueIdentifier>
    </Filter>
    <Filter Include="02.GameObjects\StaticModel\StaticModel_Insatnce">
      <UniqueIdentifier>{7d9d8c01-b763-4b56-afa3-dbc993a79bcf}</UniqueIdentifier>
    </Filter>
    <Filter Include="02.GameObjects\StaticModel\StaticModel_Col">
      <UniqueIdentifier>{ff58f263-3ecc-453e-8155-f7bf9fe5049e}</UniqueIdentifier>
    </Filter>
    <Filter Include="02.GameObjects\Parts\Umbrella">
      <UniqueIdentifier>{0c53b5bb-e135-4760-8949-8b3de6de3ac8}</UniqueIdentifier>
    </Filter>
    <Filter Include="96.Managers\ItemManager">
      <UniqueIdentifier>{59aa9847-0e41-4a12-8546-950f25c1d7d8}</UniqueIdentifier>
    </Filter>
    <Filter Include="02.GameObjects\Item">
      <UniqueIdentifier>{5e766757-6b4a-4a9f-9c6b-b80565b1314c}</UniqueIdentifier>
    </Filter>
    <Filter Include="02.GameObjects\Item\Hart">
      <UniqueIdentifier>{2dde4da9-cbf8-438e-a7b9-e5996c85f704}</UniqueIdentifier>
    </Filter>
    <Filter Include="02.GameObjects\Item\Yarn">
      <UniqueIdentifier>{14b917e6-fb0b-404b-b3dc-2776015f7631}</UniqueIdentifier>
    </Filter>
    <Filter Include="96.Managers\CamManager">
      <UniqueIdentifier>{b75c4916-5b69-462b-9790-3597d546e9f5}</UniqueIdentifier>
    </Filter>
    <Filter Include="02.GameObjects\CamCube">
      <UniqueIdentifier>{bee96a21-e0dd-4eca-a8bb-745d33f8f7d2}</UniqueIdentifier>
    </Filter>
    <Filter Include="03.UI\Hat_Inven">
      <UniqueIdentifier>{86de944a-61b0-463f-b139-ab49d0aa5333}</UniqueIdentifier>
    </Filter>
    <Filter Include="03.UI\Item_Inven">
      <UniqueIdentifier>{9385fec6-57ee-4a68-be55-ecff15e57723}</UniqueIdentifier>
    </Filter>
    <Filter Include="02.GameObjects\Sky">
      <UniqueIdentifier>{9ea1e669-b653-4609-9125-cd560589e56d}</UniqueIdentifier>
    </Filter>
    <Filter Include="02.GameObjects\Item\Flask">
      <UniqueIdentifier>{18fa6015-9c59-46d3-8410-2fd8e595acc5}</UniqueIdentifier>
    </Filter>
    <Filter Include="02.GameObjects\Monster\SubSpider">
      <UniqueIdentifier>{15dcba3e-5679-496a-becc-a794320f628b}</UniqueIdentifier>
    </Filter>
    <Filter Include="02.GameObjects\Monster\Mad_Crow">
      <UniqueIdentifier>{fdb592a5-7b61-4419-ad3b-09ad15f98d92}</UniqueIdentifier>
    </Filter>
    <Filter Include="02.GameObjects\Item\vault">
      <UniqueIdentifier>{5665fdd9-d2bc-42eb-8ba1-1d758b0d94bb}</UniqueIdentifier>
    </Filter>
    <Filter Include="02.GameObjects\Item\Diamond">
      <UniqueIdentifier>{83f04d35-5f74-49d8-abd6-864f5f2a3bde}</UniqueIdentifier>
    </Filter>
    <Filter Include="02.GameObjects\Item\vault\Monstervault">
      <UniqueIdentifier>{1ffa87c7-512c-4413-a394-bfc65d0c1066}</UniqueIdentifier>
    </Filter>
    <Filter Include="96.Managers\GameManager">
      <UniqueIdentifier>{9c54565e-500b-4557-9a00-9dce191ca885}</UniqueIdentifier>
    </Filter>
    <Filter Include="02.GameObjects\Monster\Mad_Crow\Vault_Mad_Crow">
      <UniqueIdentifier>{d7a812ab-b8bc-40e8-a734-ea41c3d6feb2}</UniqueIdentifier>
    </Filter>
    <Filter Include="03.UI\Number">
      <UniqueIdentifier>{5eb98a4d-3d4a-4910-a442-5e866d59b354}</UniqueIdentifier>
    </Filter>
    <Filter Include="03.UI\Diamond">
      <UniqueIdentifier>{9429a25f-6ae4-422f-b43e-1e690894a62e}</UniqueIdentifier>
    </Filter>
    <Filter Include="02.GameObjects\Monster\SubconEye">
      <UniqueIdentifier>{3e29e01a-993e-4c29-a694-a3388147bfad}</UniqueIdentifier>
    </Filter>
    <Filter Include="96.Managers\CutSceneManager">
      <UniqueIdentifier>{766cf107-b7b6-4b20-aa86-05de3f72daab}</UniqueIdentifier>
    </Filter>
    <Filter Include="02.GameObjects\Map">
      <UniqueIdentifier>{39ff52dd-66dd-427d-8f98-9813fcd2d0fb}</UniqueIdentifier>
    </Filter>
    <Filter Include="02.GameObjects\Map\RectBarrel">
      <UniqueIdentifier>{69a0396d-51e4-4ac7-a379-72e00e34162c}</UniqueIdentifier>
    </Filter>
    <Filter Include="02.GameObjects\Map\RollingBarrel">
      <UniqueIdentifier>{aa701a76-7461-4deb-a2e3-2f963258b9ee}</UniqueIdentifier>
    </Filter>
    <Filter Include="02.GameObjects\Map\SpikeBlock">
      <UniqueIdentifier>{2042427f-db67-4a1a-b0f9-0f5999322df8}</UniqueIdentifier>
    </Filter>
    <Filter Include="02.GameObjects\Item\vault\Vault_2">
      <UniqueIdentifier>{5ba86743-66b7-4b23-97d5-92d9f86dd9f0}</UniqueIdentifier>
    </Filter>
    <Filter Include="02.GameObjects\Map\BellMount">
      <UniqueIdentifier>{ac377386-6e29-4bf9-b3bc-3e3b2af34215}</UniqueIdentifier>
    </Filter>
    <Filter Include="02.GameObjects\Player\Wisp">
      <UniqueIdentifier>{e81ed800-48e9-4a3b-bcfb-45267b5daef3}</UniqueIdentifier>
    </Filter>
    <Filter Include="02.GameObjects\Map\BellMountEye">
      <UniqueIdentifier>{d86011a4-c10a-43fe-bbeb-05311c36b85d}</UniqueIdentifier>
    </Filter>
    <Filter Include="02.GameObjects\NPC">
      <UniqueIdentifier>{f0c5fb88-c918-4814-97da-b437ceea0e62}</UniqueIdentifier>
    </Filter>
    <Filter Include="03.UI\Shop">
      <UniqueIdentifier>{8c809fe3-b42e-4de0-a7dc-5c69a8770931}</UniqueIdentifier>
    </Filter>
    <Filter Include="03.UI\Shop\Slot">
      <UniqueIdentifier>{122a014b-12a9-4ac1-9487-736ec8be5cef}</UniqueIdentifier>
    </Filter>
    <Filter Include="03.UI\Shop\SlotItem">
      <UniqueIdentifier>{0e21b572-9b08-455a-8ebe-93e4fb133ac0}</UniqueIdentifier>
    </Filter>
    <Filter Include="03.UI\Shop\ShopMenu">
      <UniqueIdentifier>{b280949d-41a8-4cbb-b7c2-ef55cd2268cf}</UniqueIdentifier>
    </Filter>
    <Filter Include="02.GameObjects\Map\PuzzleCube">
      <UniqueIdentifier>{d6717db1-2de4-4a01-a497-d30f88912553}</UniqueIdentifier>
    </Filter>
    <Filter Include="02.GameObjects\Item\vault\Vault_State">
      <UniqueIdentifier>{fad272a1-8973-4cd0-a1a8-2eb119ece32f}</UniqueIdentifier>
    </Filter>
    <Filter Include="02.GameObjects\Map\RotateBarrel">
      <UniqueIdentifier>{ab413709-c668-4713-b9ac-b85194894f72}</UniqueIdentifier>
    </Filter>
    <Filter Include="02.GameObjects\Monster\StatuePosed">
      <UniqueIdentifier>{d78b5e62-bf20-4022-bdf8-19bd4bf249d0}</UniqueIdentifier>
    </Filter>
    <Filter Include="02.GameObjects\Item\TimeObject">
      <UniqueIdentifier>{ff6aec29-ec60-48f9-af10-d425c1373062}</UniqueIdentifier>
    </Filter>
    <Filter Include="02.GameObjects\VSnatcher">
      <UniqueIdentifier>{73063b42-8f8d-4a38-9f9d-fefdf73cce4a}</UniqueIdentifier>
    </Filter>
    <Filter Include="02.GameObjects\Map\Toilet_SentorWall">
      <UniqueIdentifier>{8d1f24d5-8270-417b-9c9d-87f8918d4093}</UniqueIdentifier>
    </Filter>
    <Filter Include="01.Levels\03.Boss">
      <UniqueIdentifier>{eaef2e8b-06ac-4895-9965-760f40f1b1a4}</UniqueIdentifier>
    </Filter>
    <Filter Include="02.GameObjects\VSnatcher\SKill">
      <UniqueIdentifier>{80a8334e-00fd-4c7b-a9eb-5cff305d0342}</UniqueIdentifier>
    </Filter>
    <Filter Include="02.GameObjects\VSnatcher\SKill\ExPlo">
      <UniqueIdentifier>{99580741-e8c7-46db-830d-056f20861203}</UniqueIdentifier>
    </Filter>
    <Filter Include="02.GameObjects\VSnatcher\SKill\Magic">
      <UniqueIdentifier>{b8ff844a-622b-4491-878d-1946fba3e182}</UniqueIdentifier>
    </Filter>
    <Filter Include="02.GameObjects\Item\Hat">
      <UniqueIdentifier>{fad36621-fd73-4bb9-965d-f76cd75f6033}</UniqueIdentifier>
    </Filter>
    <Filter Include="02.GameObjects\VSnatcher\SKill\Swip">
      <UniqueIdentifier>{0cb4e39e-72ec-4271-8c30-6b8db73739e0}</UniqueIdentifier>
    </Filter>
    <Filter Include="02.GameObjects\VSnatcher\SKill\StatuePosed_Boss">
      <UniqueIdentifier>{41ff8066-b31e-4248-bf76-9c5e84505edc}</UniqueIdentifier>
    </Filter>
    <Filter Include="02.GameObjects\VSnatcher\SKill\PuzzleCube_Boss">
      <UniqueIdentifier>{c14a4269-b21f-4859-9b95-d3aeda706eba}</UniqueIdentifier>
    </Filter>
    <Filter Include="03.UI\SpeechBubble">
      <UniqueIdentifier>{87114ba7-536c-416b-bc2d-be4fc744ea83}</UniqueIdentifier>
    </Filter>
    <Filter Include="02.GameObjects\Map\SwipsSky">
      <UniqueIdentifier>{e241b59a-2ee9-4bb7-b0d5-4bcd620fcabb}</UniqueIdentifier>
    </Filter>
    <Filter Include="02.GameObjects\VSnatcher\SKill\Swip\SwipsSky_Boss">
      <UniqueIdentifier>{cf7ea7bf-3d25-42b8-a39f-aaffa2e6804a}</UniqueIdentifier>
    </Filter>
    <Filter Include="02.GameObjects\Map\CaulDron">
      <UniqueIdentifier>{9940dbd8-f7d3-4517-8031-3db9c1d23fbe}</UniqueIdentifier>
    </Filter>
    <Filter Include="02.GameObjects\Map\Toilet_Scream">
      <UniqueIdentifier>{81558bfa-def3-46aa-8bf6-bbd16ddd9264}</UniqueIdentifier>
    </Filter>
    <Filter Include="96.Managers\ParticleManager">
      <UniqueIdentifier>{cc5d15fc-fe9a-4fa2-a82e-1ec3b510f659}</UniqueIdentifier>
    </Filter>
    <Filter Include="02.GameObjects\Particle">
      <UniqueIdentifier>{2ea5420d-30f7-4a31-9dd5-9327996db0fa}</UniqueIdentifier>
    </Filter>
    <Filter Include="02.GameObjects\Map\MushRoom">
      <UniqueIdentifier>{a784f513-dbf1-411a-8893-8f5b37acb786}</UniqueIdentifier>
    </Filter>
    <Filter Include="02.GameObjects\Map\Bindi">
      <UniqueIdentifier>{1354cabe-63f1-48e2-81fb-71c64ef9f899}</UniqueIdentifier>
    </Filter>
  </ItemGroup>
  <ItemGroup>
    <Text Include="ReadMe.txt" />
  </ItemGroup>
  <ItemGroup>
    <ClInclude Include="Client.h">
      <Filter>98.Default</Filter>
    </ClInclude>
    <ClInclude Include="Resource.h">
      <Filter>98.Default</Filter>
    </ClInclude>
    <ClInclude Include="stdafx.h">
      <Filter>98.Default</Filter>
    </ClInclude>
    <ClInclude Include="targetver.h">
      <Filter>98.Default</Filter>
    </ClInclude>
    <ClInclude Include="..\Public\MainApp.h">
      <Filter>00.MainApp</Filter>
    </ClInclude>
    <ClInclude Include="..\Public\Client_Defines.h">
      <Filter>99.Defines</Filter>
    </ClInclude>
    <ClInclude Include="..\Public\Level_GamePlay.h">
      <Filter>01.Levels\02.GamePlay</Filter>
    </ClInclude>
    <ClInclude Include="..\Public\Level_Loading.h">
      <Filter>01.Levels\00.Loading</Filter>
    </ClInclude>
    <ClInclude Include="..\Public\Level_Logo.h">
      <Filter>01.Levels\01.Logo</Filter>
    </ClInclude>
    <ClInclude Include="..\Public\Loader.h">
      <Filter>01.Levels\00.Loading\Loader</Filter>
    </ClInclude>
    <ClInclude Include="..\Public\Terrain.h">
      <Filter>02.GameObjects\Terrain</Filter>
    </ClInclude>
    <ClInclude Include="..\Public\Camera_Free.h">
      <Filter>02.GameObjects\Camera</Filter>
    </ClInclude>
    <ClInclude Include="..\Public\Player.h">
      <Filter>02.GameObjects\Player</Filter>
    </ClInclude>
    <ClInclude Include="..\Public\UI.h">
      <Filter>03.UI</Filter>
    </ClInclude>
    <ClInclude Include="..\Public\UI_Edit_Button.h">
      <Filter>03.UI\Edit</Filter>
    </ClInclude>
    <ClInclude Include="..\Public\UI_Edit.h">
      <Filter>03.UI\Edit</Filter>
    </ClInclude>
    <ClInclude Include="..\public\ToolManager.h">
      <Filter>96.Managers\ToolManager</Filter>
    </ClInclude>
    <ClInclude Include="..\Public\UIManager.h">
      <Filter>96.Managers\UIManager</Filter>
    </ClInclude>
    <ClInclude Include="..\public\UI_Health.h">
      <Filter>03.UI\Health</Filter>
    </ClInclude>
    <ClInclude Include="..\Public\UI_TextLife.h">
      <Filter>03.UI\Health</Filter>
    </ClInclude>
    <ClInclude Include="..\public\DataManager.h">
      <Filter>96.Managers\DataManager</Filter>
    </ClInclude>
    <ClInclude Include="..\public\StaticModel_Instance.h">
      <Filter>02.GameObjects\StaticModel\StaticModel_Insatnce</Filter>
    </ClInclude>
    <ClInclude Include="..\public\Test.h">
      <Filter>02.GameObjects\Monster</Filter>
    </ClInclude>
    <ClInclude Include="..\public\RollingBarrel.h">
      <Filter>02.GameObjects\Map\RollingBarrel</Filter>
    </ClInclude>
    <ClInclude Include="..\public\RectBarrel.h">
      <Filter>02.GameObjects\Map\RectBarrel</Filter>
    </ClInclude>
    <ClInclude Include="..\Public\StaticModel_Col.h">
      <Filter>02.GameObjects\StaticModel\StaticModel_Col</Filter>
    </ClInclude>
    <ClInclude Include="..\public\Parts.h">
      <Filter>02.GameObjects\Parts</Filter>
    </ClInclude>
    <ClInclude Include="..\Public\Umbrella.h">
      <Filter>02.GameObjects\Parts\Umbrella</Filter>
    </ClInclude>
    <ClInclude Include="..\public\ItemManager.h">
      <Filter>96.Managers\ItemManager</Filter>
    </ClInclude>
    <ClInclude Include="..\public\Item.h">
      <Filter>02.GameObjects\Item</Filter>
    </ClInclude>
    <ClInclude Include="..\public\Yarn.h">
      <Filter>02.GameObjects\Item\Yarn</Filter>
    </ClInclude>
    <ClInclude Include="..\public\CamManager.h">
      <Filter>96.Managers\CamManager</Filter>
    </ClInclude>
    <ClInclude Include="..\public\MarkCube.h">
      <Filter>02.GameObjects\CamCube</Filter>
    </ClInclude>
    <ClInclude Include="..\public\LookCube.h">
      <Filter>02.GameObjects\CamCube</Filter>
    </ClInclude>
    <ClInclude Include="..\public\ColorCube.h">
      <Filter>02.GameObjects\CamCube</Filter>
    </ClInclude>
    <ClInclude Include="..\Public\UI_Inven.h">
      <Filter>03.UI\Hat_Inven</Filter>
    </ClInclude>
    <ClInclude Include="..\Public\UI_ItemButton.h">
      <Filter>03.UI\Hat_Inven</Filter>
    </ClInclude>
    <ClInclude Include="..\public\UI_Item_Inven_Slot.h">
      <Filter>03.UI\Item_Inven</Filter>
    </ClInclude>
    <ClInclude Include="..\Public\UI_Item_Inven.h">
      <Filter>03.UI\Item_Inven</Filter>
    </ClInclude>
    <ClInclude Include="..\public\SkyModel.h">
      <Filter>02.GameObjects\Sky</Filter>
    </ClInclude>
    <ClInclude Include="..\public\Flask.h">
      <Filter>02.GameObjects\Item\Flask</Filter>
    </ClInclude>
    <ClInclude Include="..\public\Flask_EX.h">
      <Filter>02.GameObjects\Item\Flask</Filter>
    </ClInclude>
    <ClInclude Include="..\public\SubSpider.h">
      <Filter>02.GameObjects\Monster\SubSpider</Filter>
    </ClInclude>
    <ClInclude Include="..\Public\Monster.h">
      <Filter>02.GameObjects\Monster</Filter>
    </ClInclude>
    <ClInclude Include="..\public\Mad_Crow.h">
      <Filter>02.GameObjects\Monster\Mad_Crow</Filter>
    </ClInclude>
    <ClInclude Include="..\public\Vault.h">
      <Filter>02.GameObjects\Item\vault</Filter>
    </ClInclude>
    <ClInclude Include="..\public\Diamond.h">
      <Filter>02.GameObjects\Item\Diamond</Filter>
    </ClInclude>
    <ClInclude Include="..\public\MonsterVault.h">
      <Filter>02.GameObjects\Item\vault\Monstervault</Filter>
    </ClInclude>
    <ClInclude Include="..\public\GameManager.h">
      <Filter>96.Managers\GameManager</Filter>
    </ClInclude>
    <ClInclude Include="..\public\Vault_Mad_Crow.h">
      <Filter>02.GameObjects\Monster\Mad_Crow\Vault_Mad_Crow</Filter>
    </ClInclude>
    <ClInclude Include="..\public\UI_Number.h">
      <Filter>03.UI\Number</Filter>
    </ClInclude>
    <ClInclude Include="..\public\UI_Diamond.h">
      <Filter>03.UI\Diamond</Filter>
    </ClInclude>
    <ClInclude Include="..\public\UI_X.h">
      <Filter>03.UI\Diamond</Filter>
    </ClInclude>
    <ClInclude Include="..\public\UI_DiamondScore.h">
      <Filter>03.UI\Diamond</Filter>
    </ClInclude>
    <ClInclude Include="..\public\SubconEye.h">
      <Filter>02.GameObjects\Monster\SubconEye</Filter>
    </ClInclude>
    <ClInclude Include="..\public\Wisp.h">
      <Filter>02.GameObjects\Player\Wisp</Filter>
    </ClInclude>
    <ClInclude Include="..\public\BellMount.h">
      <Filter>02.GameObjects\Map\BellMount</Filter>
    </ClInclude>
    <ClInclude Include="..\public\CutSceneManager.h">
      <Filter>96.Managers\CutSceneManager</Filter>
    </ClInclude>
    <ClInclude Include="..\public\SpikeBlock.h">
      <Filter>02.GameObjects\Map\SpikeBlock</Filter>
    </ClInclude>
    <ClInclude Include="..\public\Vault_2.h">
      <Filter>02.GameObjects\Item\vault\Vault_2</Filter>
    </ClInclude>
    <ClInclude Include="..\public\BellMountEye.h">
      <Filter>02.GameObjects\Map\BellMountEye</Filter>
    </ClInclude>
    <ClInclude Include="..\public\BadgeS_Base.h">
      <Filter>02.GameObjects\NPC</Filter>
    </ClInclude>
    <ClInclude Include="..\public\UI_Shop.h">
      <Filter>03.UI\Shop</Filter>
    </ClInclude>
    <ClInclude Include="..\public\UI_Shop_Slot.h">
      <Filter>03.UI\Shop\Slot</Filter>
    </ClInclude>
    <ClInclude Include="..\public\UI_Shop_SlotItem.h">
      <Filter>03.UI\Shop\SlotItem</Filter>
    </ClInclude>
    <ClInclude Include="..\public\UI_ShopMenu.h">
      <Filter>03.UI\Shop\ShopMenu</Filter>
    </ClInclude>
    <ClInclude Include="..\public\PuzzleCube.h">
      <Filter>02.GameObjects\Map\PuzzleCube</Filter>
    </ClInclude>
    <ClInclude Include="..\public\Vault_State.h">
      <Filter>02.GameObjects\Item\vault\Vault_State</Filter>
    </ClInclude>
    <ClInclude Include="..\public\RotateBarrel.h">
      <Filter>02.GameObjects\Map\RotateBarrel</Filter>
    </ClInclude>
    <ClInclude Include="..\public\StatuePosed.h">
      <Filter>02.GameObjects\Monster\StatuePosed</Filter>
    </ClInclude>
    <ClInclude Include="..\public\IceBox.h">
      <Filter>02.GameObjects\NPC</Filter>
    </ClInclude>
    <ClInclude Include="..\public\TimeObject.h">
      <Filter>02.GameObjects\Item\TimeObject</Filter>
    </ClInclude>
    <ClInclude Include="..\public\VSnatcher.h">
      <Filter>02.GameObjects\VSnatcher</Filter>
    </ClInclude>
    <ClInclude Include="..\public\Toilet_SentorWall.h">
      <Filter>02.GameObjects\Map\Toilet_SentorWall</Filter>
    </ClInclude>
    <ClInclude Include="..\public\Level_Boss.h">
      <Filter>01.Levels\03.Boss</Filter>
    </ClInclude>
    <ClInclude Include="..\public\ExPlo.h">
      <Filter>02.GameObjects\VSnatcher\SKill\ExPlo</Filter>
    </ClInclude>
    <ClInclude Include="..\public\Magic.h">
      <Filter>02.GameObjects\VSnatcher\SKill\Magic</Filter>
    </ClInclude>
    <ClInclude Include="..\public\Hat.h">
      <Filter>02.GameObjects\Item\Hat</Filter>
    </ClInclude>
    <ClInclude Include="..\public\Swip.h">
      <Filter>02.GameObjects\VSnatcher\SKill\Swip</Filter>
    </ClInclude>
    <ClInclude Include="..\public\StatuePosed_Boss.h">
      <Filter>02.GameObjects\VSnatcher\SKill\StatuePosed_Boss</Filter>
    </ClInclude>
    <ClInclude Include="..\public\PuzzleCube_Boss.h">
      <Filter>02.GameObjects\VSnatcher\SKill\PuzzleCube_Boss</Filter>
    </ClInclude>
    <ClInclude Include="..\Public\UI_SpeechBubble.h">
      <Filter>03.UI\SpeechBubble</Filter>
    </ClInclude>
    <ClInclude Include="..\public\SwipsSky.h">
      <Filter>02.GameObjects\Map\SwipsSky</Filter>
    </ClInclude>
    <ClInclude Include="..\Bin\ShaderFiles\Client_Shader_Defines.hpp">
      <Filter>97.ShaderFiles</Filter>
    </ClInclude>
    <ClInclude Include="..\public\SwipsSky_Boss.h">
      <Filter>02.GameObjects\VSnatcher\SKill\Swip\SwipsSky_Boss</Filter>
    </ClInclude>
    <ClInclude Include="..\public\CaulDron.h">
      <Filter>02.GameObjects\Map\CaulDron</Filter>
    </ClInclude>
    <ClInclude Include="..\public\Toilet_Scream.h">
      <Filter>02.GameObjects\Map\Toilet_Scream</Filter>
    </ClInclude>
    <ClInclude Include="..\public\ParticleManager.h">
      <Filter>96.Managers\ParticleManager</Filter>
    </ClInclude>
    <ClInclude Include="..\public\Particle.h">
      <Filter>02.GameObjects\Particle</Filter>
    </ClInclude>
    <ClInclude Include="..\public\FlaskLight.h">
      <Filter>02.GameObjects\Item\Flask</Filter>
    </ClInclude>
    <ClInclude Include="..\public\MushRoom.h">
      <Filter>02.GameObjects\Map\MushRoom</Filter>
    </ClInclude>
    <ClInclude Include="..\public\Bindi.h">
      <Filter>02.GameObjects\Map\Bindi</Filter>
    </ClInclude>
  </ItemGroup>
  <ItemGroup>
    <ClCompile Include="Client.cpp">
      <Filter>98.Default</Filter>
    </ClCompile>
    <ClCompile Include="stdafx.cpp">
      <Filter>98.Default</Filter>
    </ClCompile>
    <ClCompile Include="..\Private\MainApp.cpp">
      <Filter>00.MainApp</Filter>
    </ClCompile>
    <ClCompile Include="..\Private\Level_GamePlay.cpp">
      <Filter>01.Levels\02.GamePlay</Filter>
    </ClCompile>
    <ClCompile Include="..\Private\Level_Loading.cpp">
      <Filter>01.Levels\00.Loading</Filter>
    </ClCompile>
    <ClCompile Include="..\Private\Level_Logo.cpp">
      <Filter>01.Levels\01.Logo</Filter>
    </ClCompile>
    <ClCompile Include="..\Private\Loader.cpp">
      <Filter>01.Levels\00.Loading\Loader</Filter>
    </ClCompile>
    <ClCompile Include="..\Private\Terrain.cpp">
      <Filter>02.GameObjects\Terrain</Filter>
    </ClCompile>
    <ClCompile Include="..\Private\Camera_Free.cpp">
      <Filter>02.GameObjects\Camera</Filter>
    </ClCompile>
    <ClCompile Include="..\Private\Player.cpp">
      <Filter>02.GameObjects\Player</Filter>
    </ClCompile>
    <ClCompile Include="..\Private\UI.cpp">
      <Filter>03.UI</Filter>
    </ClCompile>
    <ClCompile Include="..\Private\UI_Edit.cpp">
      <Filter>03.UI\Edit</Filter>
    </ClCompile>
    <ClCompile Include="..\Private\UI_Edit_Button.cpp">
      <Filter>03.UI\Edit</Filter>
    </ClCompile>
    <ClCompile Include="..\private\DataManager.cpp">
      <Filter>96.Managers\DataManager</Filter>
    </ClCompile>
    <ClCompile Include="..\private\ToolManager.cpp">
      <Filter>96.Managers\ToolManager</Filter>
    </ClCompile>
    <ClCompile Include="..\Private\UIManager.cpp">
      <Filter>96.Managers\UIManager</Filter>
    </ClCompile>
    <ClCompile Include="..\private\UI_Health.cpp">
      <Filter>03.UI\Health</Filter>
    </ClCompile>
    <ClCompile Include="..\Private\UI_TextLife.cpp">
      <Filter>03.UI\Health</Filter>
    </ClCompile>
    <ClCompile Include="..\private\StaticModel_Instance.cpp">
      <Filter>02.GameObjects\StaticModel\StaticModel_Insatnce</Filter>
    </ClCompile>
    <ClCompile Include="..\private\Test.cpp">
      <Filter>02.GameObjects\Monster</Filter>
    </ClCompile>
    <ClCompile Include="..\private\RollingBarrel.cpp">
      <Filter>02.GameObjects\Map\RollingBarrel</Filter>
    </ClCompile>
    <ClCompile Include="..\private\RectBarrel.cpp">
      <Filter>02.GameObjects\Map\RectBarrel</Filter>
    </ClCompile>
    <ClCompile Include="..\Private\StaticModel_Col.cpp">
      <Filter>02.GameObjects\StaticModel\StaticModel_Col</Filter>
    </ClCompile>
    <ClCompile Include="..\private\Parts.cpp">
      <Filter>02.GameObjects\Parts</Filter>
    </ClCompile>
    <ClCompile Include="..\Private\Umbrella.cpp">
      <Filter>02.GameObjects\Parts\Umbrella</Filter>
    </ClCompile>
    <ClCompile Include="..\private\ItemManager.cpp">
      <Filter>96.Managers\ItemManager</Filter>
    </ClCompile>
    <ClCompile Include="..\private\Item.cpp">
      <Filter>02.GameObjects\Item</Filter>
    </ClCompile>
    <ClCompile Include="..\private\Yarn.cpp">
      <Filter>02.GameObjects\Item\Yarn</Filter>
    </ClCompile>
    <ClCompile Include="..\private\CamManager.cpp">
      <Filter>96.Managers\CamManager</Filter>
    </ClCompile>
    <ClCompile Include="..\private\MarkCube.cpp">
      <Filter>02.GameObjects\CamCube</Filter>
    </ClCompile>
    <ClCompile Include="..\private\LookCube.cpp">
      <Filter>02.GameObjects\CamCube</Filter>
    </ClCompile>
    <ClCompile Include="..\private\ColorCube.cpp">
      <Filter>02.GameObjects\CamCube</Filter>
    </ClCompile>
    <ClCompile Include="..\Private\UI_Inven.cpp">
      <Filter>03.UI\Hat_Inven</Filter>
    </ClCompile>
    <ClCompile Include="..\Private\UI_ItemButton.cpp">
      <Filter>03.UI\Hat_Inven</Filter>
    </ClCompile>
    <ClCompile Include="..\private\UI_Item_Inven_Slot.cpp">
      <Filter>03.UI\Item_Inven</Filter>
    </ClCompile>
    <ClCompile Include="..\Private\UI_Item_Inven.cpp">
      <Filter>03.UI\Item_Inven</Filter>
    </ClCompile>
    <ClCompile Include="..\private\SkyModel.cpp">
      <Filter>02.GameObjects\Sky</Filter>
    </ClCompile>
    <ClCompile Include="..\private\Flask.cpp">
      <Filter>02.GameObjects\Item\Flask</Filter>
    </ClCompile>
    <ClCompile Include="..\private\Flask_EX.cpp">
      <Filter>02.GameObjects\Item\Flask</Filter>
    </ClCompile>
    <ClCompile Include="..\private\SubSpider.cpp">
      <Filter>02.GameObjects\Monster\SubSpider</Filter>
    </ClCompile>
    <ClCompile Include="..\Private\Monster.cpp">
      <Filter>02.GameObjects\Monster</Filter>
    </ClCompile>
    <ClCompile Include="..\private\Mad_Crow.cpp">
      <Filter>02.GameObjects\Monster\Mad_Crow</Filter>
    </ClCompile>
    <ClCompile Include="..\private\Vault.cpp">
      <Filter>02.GameObjects\Item\vault</Filter>
    </ClCompile>
    <ClCompile Include="..\private\Diamond.cpp">
      <Filter>02.GameObjects\Item\Diamond</Filter>
    </ClCompile>
    <ClCompile Include="..\private\MonsterVault.cpp">
      <Filter>02.GameObjects\Item\vault\Monstervault</Filter>
    </ClCompile>
    <ClCompile Include="..\private\GameManager.cpp">
      <Filter>96.Managers\GameManager</Filter>
    </ClCompile>
    <ClCompile Include="..\private\Vault_Mad_Crow.cpp">
      <Filter>02.GameObjects\Monster\Mad_Crow\Vault_Mad_Crow</Filter>
    </ClCompile>
    <ClCompile Include="..\private\UI_Number.cpp">
      <Filter>03.UI\Number</Filter>
    </ClCompile>
    <ClCompile Include="..\private\UI_Diamond.cpp">
      <Filter>03.UI\Diamond</Filter>
    </ClCompile>
    <ClCompile Include="..\private\UI_X.cpp">
      <Filter>03.UI\Diamond</Filter>
    </ClCompile>
    <ClCompile Include="..\private\UI_DiamondScore.cpp">
      <Filter>03.UI\Diamond</Filter>
    </ClCompile>
    <ClCompile Include="..\private\SubconEye.cpp">
      <Filter>02.GameObjects\Monster\SubconEye</Filter>
    </ClCompile>
    <ClCompile Include="..\private\Wisp.cpp">
      <Filter>02.GameObjects\Player\Wisp</Filter>
    </ClCompile>
    <ClCompile Include="..\private\BellMount.cpp">
      <Filter>02.GameObjects\Map\BellMount</Filter>
    </ClCompile>
    <ClCompile Include="..\private\CutSceneManager.cpp">
      <Filter>96.Managers\CutSceneManager</Filter>
    </ClCompile>
    <ClCompile Include="..\private\SpikeBlock.cpp">
      <Filter>02.GameObjects\Map\SpikeBlock</Filter>
    </ClCompile>
    <ClCompile Include="..\private\Vault_2.cpp">
      <Filter>02.GameObjects\Item\vault\Vault_2</Filter>
    </ClCompile>
    <ClCompile Include="..\private\BellMountEye.cpp">
      <Filter>02.GameObjects\Map\BellMountEye</Filter>
    </ClCompile>
    <ClCompile Include="..\private\BadgeS_Base.cpp">
      <Filter>02.GameObjects\NPC</Filter>
    </ClCompile>
    <ClCompile Include="..\private\UI_Shop.cpp">
      <Filter>03.UI\Shop</Filter>
    </ClCompile>
    <ClCompile Include="..\private\UI_Shop_Slot.cpp">
      <Filter>03.UI\Shop\Slot</Filter>
    </ClCompile>
    <ClCompile Include="..\private\UI_Shop_SlotItem.cpp">
      <Filter>03.UI\Shop\SlotItem</Filter>
    </ClCompile>
    <ClCompile Include="..\private\UI_ShopMenu.cpp">
      <Filter>03.UI\Shop\ShopMenu</Filter>
    </ClCompile>
    <ClCompile Include="..\private\PuzzleCube.cpp">
      <Filter>02.GameObjects\Map\PuzzleCube</Filter>
    </ClCompile>
    <ClCompile Include="..\private\Vault_State.cpp">
      <Filter>02.GameObjects\Item\vault\Vault_State</Filter>
    </ClCompile>
    <ClCompile Include="..\private\RotateBarrel.cpp">
      <Filter>02.GameObjects\Map\RotateBarrel</Filter>
    </ClCompile>
    <ClCompile Include="..\private\StatuePosed.cpp">
      <Filter>02.GameObjects\Monster\StatuePosed</Filter>
    </ClCompile>
    <ClCompile Include="..\private\IceBox.cpp">
      <Filter>02.GameObjects\NPC</Filter>
    </ClCompile>
    <ClCompile Include="..\private\TimeObject.cpp">
      <Filter>02.GameObjects\Item\TimeObject</Filter>
    </ClCompile>
    <ClCompile Include="..\private\VSnatcher.cpp">
      <Filter>02.GameObjects\VSnatcher</Filter>
    </ClCompile>
    <ClCompile Include="..\private\Toilet_SentorWall.cpp">
      <Filter>02.GameObjects\Map\Toilet_SentorWall</Filter>
    </ClCompile>
    <ClCompile Include="..\private\Level_Boss.cpp">
      <Filter>01.Levels\03.Boss</Filter>
    </ClCompile>
    <ClCompile Include="..\private\ExPlo.cpp">
      <Filter>02.GameObjects\VSnatcher\SKill\ExPlo</Filter>
    </ClCompile>
    <ClCompile Include="..\private\Magic.cpp">
      <Filter>02.GameObjects\VSnatcher\SKill\Magic</Filter>
    </ClCompile>
    <ClCompile Include="..\private\Hat.cpp">
      <Filter>02.GameObjects\Item\Hat</Filter>
    </ClCompile>
    <ClCompile Include="..\private\Swip.cpp">
      <Filter>02.GameObjects\VSnatcher\SKill\Swip</Filter>
    </ClCompile>
    <ClCompile Include="..\private\StatuePosed_Boss.cpp">
      <Filter>02.GameObjects\VSnatcher\SKill\StatuePosed_Boss</Filter>
    </ClCompile>
    <ClCompile Include="..\private\PuzzleCube_Boss.cpp">
      <Filter>02.GameObjects\VSnatcher\SKill\PuzzleCube_Boss</Filter>
    </ClCompile>
    <ClCompile Include="..\Private\UI_SpeechBubble.cpp">
      <Filter>03.UI\SpeechBubble</Filter>
    </ClCompile>
    <ClCompile Include="..\private\SwipsSky.cpp">
      <Filter>02.GameObjects\Map\SwipsSky</Filter>
    </ClCompile>
    <ClCompile Include="..\private\SwipsSky_Boss.cpp">
      <Filter>02.GameObjects\VSnatcher\SKill\Swip\SwipsSky_Boss</Filter>
    </ClCompile>
    <ClCompile Include="..\private\CaulDron.cpp">
      <Filter>02.GameObjects\Map\CaulDron</Filter>
    </ClCompile>
    <ClCompile Include="..\private\Toilet_Scream.cpp">
      <Filter>02.GameObjects\Map\Toilet_Scream</Filter>
    </ClCompile>
    <ClCompile Include="..\private\ParticleManager.cpp">
      <Filter>96.Managers\ParticleManager</Filter>
    </ClCompile>
    <ClCompile Include="..\private\Particle.cpp">
      <Filter>02.GameObjects\Particle</Filter>
    </ClCompile>
    <ClCompile Include="..\private\FlaskLight.cpp">
      <Filter>02.GameObjects\Item\Flask</Filter>
    </ClCompile>
    <ClCompile Include="..\private\MushRoom.cpp">
      <Filter>02.GameObjects\Map\MushRoom</Filter>
    </ClCompile>
    <ClCompile Include="..\private\Bindi.cpp">
      <Filter>02.GameObjects\Map\Bindi</Filter>
    </ClCompile>
  </ItemGroup>
  <ItemGroup>
    <Image Include="Client.ico">
      <Filter>98.Default</Filter>
    </Image>
    <Image Include="small.ico">
      <Filter>98.Default</Filter>
    </Image>
  </ItemGroup>
  <ItemGroup>
    <ResourceCompile Include="Client.rc">
      <Filter>98.Default</Filter>
    </ResourceCompile>
  </ItemGroup>
  <ItemGroup>
    <FxCompile Include="..\Bin\ShaderFiles\Shader_Cell.hlsl">
      <Filter>97.ShaderFiles</Filter>
    </FxCompile>
    <FxCompile Include="..\Bin\ShaderFiles\Shader_Deferred.hlsl">
      <Filter>97.ShaderFiles</Filter>
    </FxCompile>
    <FxCompile Include="..\Bin\ShaderFiles\Shader_VtxAnimModel.hlsl">
      <Filter>97.ShaderFiles</Filter>
    </FxCompile>
    <FxCompile Include="..\Bin\ShaderFiles\Shader_VtxModel.hlsl">
      <Filter>97.ShaderFiles</Filter>
    </FxCompile>
    <FxCompile Include="..\Bin\ShaderFiles\Shader_VtxModel_Instance.hlsl">
      <Filter>97.ShaderFiles</Filter>
    </FxCompile>
    <FxCompile Include="..\Bin\ShaderFiles\Shader_VtxNorTex.hlsl">
      <Filter>97.ShaderFiles</Filter>
    </FxCompile>
    <FxCompile Include="..\Bin\ShaderFiles\Shader_VtxTex.hlsl">
      <Filter>97.ShaderFiles</Filter>
    </FxCompile>
  </ItemGroup>
</Project>