<?xml version="1.0" encoding="utf-8"?>
<Project ToolsVersion="4.0" xmlns="http://schemas.microsoft.com/developer/msbuild/2003">
  <ItemGroup>
    <Filter Include="98.Default">
      <UniqueIdentifier>{505dbb78-4965-42ce-a1a1-9532b52bcf92}</UniqueIdentifier>
    </Filter>
    <Filter Include="00.MainApp">
      <UniqueIdentifier>{d9fd2301-2adc-4297-8e67-639f847fb590}</UniqueIdentifier>
    </Filter>
    <Filter Include="99.Defines">
      <UniqueIdentifier>{ac9086de-94de-4822-ae8c-26dec28c70c7}</UniqueIdentifier>
    </Filter>
    <Filter Include="01.Levels">
      <UniqueIdentifier>{789d874f-ce49-4332-82c7-3805cb5b9080}</UniqueIdentifier>
    </Filter>
    <Filter Include="02.GameObjects">
      <UniqueIdentifier>{3531814c-4b42-451a-9044-33e6ba5a8eab}</UniqueIdentifier>
    </Filter>
    <Filter Include="01.Levels\00.Loading">
      <UniqueIdentifier>{703e1f72-f965-4a5f-bc75-02795441baec}</UniqueIdentifier>
    </Filter>
    <Filter Include="01.Levels\01.Logo">
      <UniqueIdentifier>{d01c3f2b-2df6-4ab5-a228-50b69330939c}</UniqueIdentifier>
    </Filter>
    <Filter Include="01.Levels\02.GamePlay">
      <UniqueIdentifier>{0d2a1e61-f8a8-4688-bc84-0b1f67902fc9}</UniqueIdentifier>
    </Filter>
    <Filter Include="01.Levels\00.Loading\Loader">
      <UniqueIdentifier>{db88da8f-913a-4f03-b3b7-a148128660ca}</UniqueIdentifier>
    </Filter>
    <Filter Include="97.ShaderFiles">
      <UniqueIdentifier>{84640545-3351-4721-a11c-de1b2a88ed44}</UniqueIdentifier>
    </Filter>
    <Filter Include="02.GameObjects\Terrain">
      <UniqueIdentifier>{7cbdf00b-05f3-4112-a0c9-09e6a54c4fa7}</UniqueIdentifier>
    </Filter>
    <Filter Include="02.GameObjects\Camera">
      <UniqueIdentifier>{753f5023-0e15-42c5-950a-9aefad3b0ead}</UniqueIdentifier>
    </Filter>
    <Filter Include="02.GameObjects\Player">
      <UniqueIdentifier>{abc6b74f-e41e-4559-9c08-356e0bb3ccf6}</UniqueIdentifier>
    </Filter>
    <Filter Include="02.GameObjects\Monster">
      <UniqueIdentifier>{9f9aa060-c1d1-4c0c-9337-85dfe2c8a63d}</UniqueIdentifier>
    </Filter>
    <Filter Include="03.UI">
      <UniqueIdentifier>{17659bbc-2fda-409b-8ec5-5f477e826333}</UniqueIdentifier>
    </Filter>
    <Filter Include="03.UI\Edit">
      <UniqueIdentifier>{cdbb2772-00f5-4f20-ad1f-5381f12fde7c}</UniqueIdentifier>
    </Filter>
    <Filter Include="96.Managers">
      <UniqueIdentifier>{af061b58-fdb0-48d1-84af-cff0967c2e15}</UniqueIdentifier>
    </Filter>
    <Filter Include="96.Managers\DataManager">
      <UniqueIdentifier>{6df124ab-6c06-495b-91e8-3146e9e4779b}</UniqueIdentifier>
    </Filter>
    <Filter Include="96.Managers\ToolManager">
      <UniqueIdentifier>{77af86f4-3362-4805-b14e-8b22e2ada6b5}</UniqueIdentifier>
    </Filter>
    <Filter Include="96.Managers\UIManager">
      <UniqueIdentifier>{7c4f1f5e-3dec-4148-93c3-e277ef769c9b}</UniqueIdentifier>
    </Filter>
    <Filter Include="02.GameObjects\StaticModel">
      <UniqueIdentifier>{b15507a3-a706-491f-8b58-a202933ae4e9}</UniqueIdentifier>
    </Filter>
    <Filter Include="02.GameObjects\Parts">
      <UniqueIdentifier>{ee9b07d1-45ff-43ee-a2d6-f277ea5e71bd}</UniqueIdentifier>
    </Filter>
    <Filter Include="02.GameObjects\Parts\Ori_Hat">
      <UniqueIdentifier>{4d2183fa-d646-43d0-a888-e625096f410e}</UniqueIdentifier>
    </Filter>
    <Filter Include="02.GameObjects\Parts\Umbrella">
      <UniqueIdentifier>{9d5e333c-588b-4dd4-ac67-71a086b0c6c2}</UniqueIdentifier>
    </Filter>
    <Filter Include="03.UI\Health">
      <UniqueIdentifier>{a14786f4-1821-40ab-b9ae-1c59f54cafc7}</UniqueIdentifier>
    </Filter>
    <Filter Include="02.GameObjects\StaticModel\StaticModel_Insatnce">
      <UniqueIdentifier>{7d9d8c01-b763-4b56-afa3-dbc993a79bcf}</UniqueIdentifier>
    </Filter>
  </ItemGroup>
  <ItemGroup>
    <Text Include="ReadMe.txt" />
  </ItemGroup>
  <ItemGroup>
    <ClInclude Include="Client.h">
      <Filter>98.Default</Filter>
    </ClInclude>
    <ClInclude Include="Resource.h">
      <Filter>98.Default</Filter>
    </ClInclude>
    <ClInclude Include="stdafx.h">
      <Filter>98.Default</Filter>
    </ClInclude>
    <ClInclude Include="targetver.h">
      <Filter>98.Default</Filter>
    </ClInclude>
    <ClInclude Include="..\Public\MainApp.h">
      <Filter>00.MainApp</Filter>
    </ClInclude>
    <ClInclude Include="..\Public\Client_Defines.h">
      <Filter>99.Defines</Filter>
    </ClInclude>
    <ClInclude Include="..\Public\Level_GamePlay.h">
      <Filter>01.Levels\02.GamePlay</Filter>
    </ClInclude>
    <ClInclude Include="..\Public\Level_Loading.h">
      <Filter>01.Levels\00.Loading</Filter>
    </ClInclude>
    <ClInclude Include="..\Public\Level_Logo.h">
      <Filter>01.Levels\01.Logo</Filter>
    </ClInclude>
    <ClInclude Include="..\Public\Loader.h">
      <Filter>01.Levels\00.Loading\Loader</Filter>
    </ClInclude>
    <ClInclude Include="..\Public\Terrain.h">
      <Filter>02.GameObjects\Terrain</Filter>
    </ClInclude>
    <ClInclude Include="..\Public\Camera_Free.h">
      <Filter>02.GameObjects\Camera</Filter>
    </ClInclude>
    <ClInclude Include="..\Public\Player.h">
      <Filter>02.GameObjects\Player</Filter>
    </ClInclude>
    <ClInclude Include="..\Public\Monster.h">
      <Filter>02.GameObjects\Monster</Filter>
    </ClInclude>
    <ClInclude Include="..\Public\UI.h">
      <Filter>03.UI</Filter>
    </ClInclude>
    <ClInclude Include="..\Public\UI_Edit_Button.h">
      <Filter>03.UI\Edit</Filter>
    </ClInclude>
    <ClInclude Include="..\Public\UI_Edit.h">
      <Filter>03.UI\Edit</Filter>
    </ClInclude>
    <ClInclude Include="..\public\ToolManager.h">
      <Filter>96.Managers\ToolManager</Filter>
    </ClInclude>
    <ClInclude Include="..\Public\UIManager.h">
      <Filter>96.Managers\UIManager</Filter>
    </ClInclude>
    <ClInclude Include="..\public\StaticModel.h">
      <Filter>02.GameObjects\StaticModel</Filter>
    </ClInclude>
    <ClInclude Include="..\public\Ori_Hat.h">
      <Filter>02.GameObjects\Parts\Ori_Hat</Filter>
    </ClInclude>
    <ClInclude Include="..\public\Umbrella.h">
      <Filter>02.GameObjects\Parts\Umbrella</Filter>
    </ClInclude>
    <ClInclude Include="..\public\UI_Health.h">
      <Filter>03.UI\Health</Filter>
    </ClInclude>
    <ClInclude Include="..\Public\UI_TextLife.h">
      <Filter>03.UI\Health</Filter>
    </ClInclude>
    <ClInclude Include="..\public\DataManager.h">
      <Filter>96.Managers\DataManager</Filter>
    </ClInclude>
    <ClInclude Include="..\public\TestMonster.h">
      <Filter>02.GameObjects\Monster</Filter>
    </ClInclude>
    <ClInclude Include="..\public\StaticModel_Instance.h">
      <Filter>02.GameObjects\StaticModel\StaticModel_Insatnce</Filter>
    </ClInclude>
  </ItemGroup>
  <ItemGroup>
    <ClCompile Include="Client.cpp">
      <Filter>98.Default</Filter>
    </ClCompile>
    <ClCompile Include="stdafx.cpp">
      <Filter>98.Default</Filter>
    </ClCompile>
    <ClCompile Include="..\Private\MainApp.cpp">
      <Filter>00.MainApp</Filter>
    </ClCompile>
    <ClCompile Include="..\Private\Level_GamePlay.cpp">
      <Filter>01.Levels\02.GamePlay</Filter>
    </ClCompile>
    <ClCompile Include="..\Private\Level_Loading.cpp">
      <Filter>01.Levels\00.Loading</Filter>
    </ClCompile>
    <ClCompile Include="..\Private\Level_Logo.cpp">
      <Filter>01.Levels\01.Logo</Filter>
    </ClCompile>
    <ClCompile Include="..\Private\Loader.cpp">
      <Filter>01.Levels\00.Loading\Loader</Filter>
    </ClCompile>
    <ClCompile Include="..\Private\Terrain.cpp">
      <Filter>02.GameObjects\Terrain</Filter>
    </ClCompile>
    <ClCompile Include="..\Private\Camera_Free.cpp">
      <Filter>02.GameObjects\Camera</Filter>
    </ClCompile>
    <ClCompile Include="..\Private\Player.cpp">
      <Filter>02.GameObjects\Player</Filter>
    </ClCompile>
    <ClCompile Include="..\Private\Monster.cpp">
      <Filter>02.GameObjects\Monster</Filter>
    </ClCompile>
    <ClCompile Include="..\Private\UI.cpp">
      <Filter>03.UI</Filter>
    </ClCompile>
    <ClCompile Include="..\Private\UI_Edit.cpp">
      <Filter>03.UI\Edit</Filter>
    </ClCompile>
    <ClCompile Include="..\Private\UI_Edit_Button.cpp">
      <Filter>03.UI\Edit</Filter>
    </ClCompile>
    <ClCompile Include="..\private\DataManager.cpp">
      <Filter>96.Managers\DataManager</Filter>
    </ClCompile>
    <ClCompile Include="..\private\ToolManager.cpp">
      <Filter>96.Managers\ToolManager</Filter>
    </ClCompile>
    <ClCompile Include="..\Private\UIManager.cpp">
      <Filter>96.Managers\UIManager</Filter>
    </ClCompile>
    <ClCompile Include="..\private\StaticModel.cpp">
      <Filter>02.GameObjects\StaticModel</Filter>
    </ClCompile>
    <ClCompile Include="..\private\Ori_Hat.cpp">
      <Filter>02.GameObjects\Parts\Ori_Hat</Filter>
    </ClCompile>
    <ClCompile Include="..\private\Umbrella.cpp">
      <Filter>02.GameObjects\Parts\Umbrella</Filter>
    </ClCompile>
    <ClCompile Include="..\private\UI_Health.cpp">
      <Filter>03.UI\Health</Filter>
    </ClCompile>
    <ClCompile Include="..\Private\UI_TextLife.cpp">
      <Filter>03.UI\Health</Filter>
    </ClCompile>
    <ClCompile Include="..\private\TestMonster.cpp">
      <Filter>02.GameObjects\Monster</Filter>
    </ClCompile>
    <ClCompile Include="..\private\StaticModel_Instance.cpp">
      <Filter>02.GameObjects\StaticModel\StaticModel_Insatnce</Filter>
    </ClCompile>
  </ItemGroup>
  <ItemGroup>
    <Image Include="Client.ico">
      <Filter>98.Default</Filter>
    </Image>
    <Image Include="small.ico">
      <Filter>98.Default</Filter>
    </Image>
  </ItemGroup>
  <ItemGroup>
    <ResourceCompile Include="Client.rc">
      <Filter>98.Default</Filter>
    </ResourceCompile>
  </ItemGroup>
  <ItemGroup>
    <FxCompile Include="..\Bin\ShaderFiles\Shader_VtxTex.hlsl">
      <Filter>97.ShaderFiles</Filter>
    </FxCompile>
    <FxCompile Include="..\Bin\ShaderFiles\Shader_VtxNorTex.hlsl">
      <Filter>97.ShaderFiles</Filter>
    </FxCompile>
    <FxCompile Include="..\Bin\ShaderFiles\Shader_VtxModel.hlsl">
      <Filter>97.ShaderFiles</Filter>
    </FxCompile>
    <FxCompile Include="..\Bin\ShaderFiles\Shader_VtxAnimModel.hlsl">
      <Filter>97.ShaderFiles</Filter>
    </FxCompile>
    <FxCompile Include="..\Bin\ShaderFiles\Shader_VtxModel_Instance.hlsl">
      <Filter>97.ShaderFiles</Filter>
    </FxCompile>
  </ItemGroup>
</Project>